github.com/dracory/rtr v0.1.1 h1:pAA/3cH3lDQVu9WywIWVbLMH4yUS7HD/wfeQTVPv+Tw=
github.com/dracory/rtr v0.1.1/go.mod h1:sEe7PAvFBwTcTTUcBKGjGSAqhuem0PIYTx73nAFfn1g=
github.com/mattn/go-sqlite3 v1.14.28 h1:ThEiQrnbtumT+QMknw63Befp/ce/nUPgBPMlRFEum7A=
github.com/mattn/go-sqlite3 v1.14.28/go.mod h1:Uh1q+B4BYcTPb+yiD3kU8Ct7aC0hY9fxUwlHK0RXw+Y=
